
Microsoft Visual Studio Solution File, Format Version 12.00
# Visual Studio Version 17
VisualStudioVersion = 17.2.32616.157
MinimumVisualStudioVersion = 10.0.40219.1
Project("{FAE04EC0-301F-11D3-BF4B-00C04F79EFBC}") = "CadastroClientes", "CadastroClientes\CadastroClientes.csproj", "{B9E6F436-FA55-4827-B513-A24AD65FD693}"
EndProject
Global
	GlobalSection(SolutionConfigurationPlatforms) = preSolution
		Debug|Any CPU = Debug|Any CPU
		Release|Any CPU = Release|Any CPU
	EndGlobalSection
	GlobalSection(ProjectConfigurationPlatforms) = postSolution
		{B9E6F436-FA55-4827-B513-A24AD65FD693}.Debug|Any CPU.ActiveCfg = Debug|Any CPU
		{B9E6F436-FA55-4827-B513-A24AD65FD693}.Debug|Any CPU.Build.0 = Debug|Any CPU
		{B9E6F436-FA55-4827-B513-A24AD65FD693}.Release|Any CPU.ActiveCfg = Release|Any CPU
		{B9E6F436-FA55-4827-B513-A24AD65FD693}.Release|Any CPU.Build.0 = Release|Any CPU
	EndGlobalSection
	GlobalSection(SolutionProperties) = preSolution
		HideSolutionNode = FALSE
	EndGlobalSection
	GlobalSection(ExtensibilityGlobals) = postSolution
		SolutionGuid = {537EBAC0-D555-4DED-A12E-0B119CD5E721}
	EndGlobalSection
EndGlobal
